
Microsoft Visual Studio Solution File, Format Version 12.00
# Visual Studio Version 16
Project("{2150E333-8FDC-42A3-9474-1A3956D46DE8}") = "CMakePredefinedTargets", "CMakePredefinedTargets", "{41BC7C82-3522-3F3F-AA08-BC3A4966C603}"
EndProject
Project("{2150E333-8FDC-42A3-9474-1A3956D46DE8}") = "GAMES102_Project", "GAMES102_Project", "{E8F35BA1-8D48-350E-A6D9-86147114F961}"
EndProject
Project("{8BC9CEB8-8B4A-11D0-8D11-00A0C91BC942}") = "ALL_BUILD", "ALL_BUILD.vcxproj", "{6FA4C95C-E211-3941-8A91-F40909C641C9}"
	ProjectSection(ProjectDependencies) = postProject
		{803FF9B5-2EFC-31D3-9BDC-A6DB05281058} = {803FF9B5-2EFC-31D3-9BDC-A6DB05281058}
		{8A9C47CF-AA85-3FF0-94FF-CBB3BEEEFA09} = {8A9C47CF-AA85-3FF0-94FF-CBB3BEEEFA09}
		{454B5770-BFF5-37D2-B683-555DA02B5DE2} = {454B5770-BFF5-37D2-B683-555DA02B5DE2}
		{EFBD3F45-1484-3371-819B-569A4E5C18D4} = {EFBD3F45-1484-3371-819B-569A4E5C18D4}
		{994A9DC4-255F-3F87-8D80-980EB7B21B7E} = {994A9DC4-255F-3F87-8D80-980EB7B21B7E}
		{85DC6B1F-661D-3867-A314-12F6DCEA67DD} = {85DC6B1F-661D-3867-A314-12F6DCEA67DD}
		{36C57253-915F-3108-AC80-D8D6BB3817B9} = {36C57253-915F-3108-AC80-D8D6BB3817B9}
	EndProjectSection
EndProject
Project("{8BC9CEB8-8B4A-11D0-8D11-00A0C91BC942}") = "GAMES102_Project_hw1", "src\hw1\GAMES102_Project_hw1.vcxproj", "{803FF9B5-2EFC-31D3-9BDC-A6DB05281058}"
	ProjectSection(ProjectDependencies) = postProject
		{36C57253-915F-3108-AC80-D8D6BB3817B9} = {36C57253-915F-3108-AC80-D8D6BB3817B9}
	EndProjectSection
EndProject
Project("{8BC9CEB8-8B4A-11D0-8D11-00A0C91BC942}") = "GAMES102_Project_hw3", "src\hw3\GAMES102_Project_hw3.vcxproj", "{8A9C47CF-AA85-3FF0-94FF-CBB3BEEEFA09}"
	ProjectSection(ProjectDependencies) = postProject
		{36C57253-915F-3108-AC80-D8D6BB3817B9} = {36C57253-915F-3108-AC80-D8D6BB3817B9}
	EndProjectSection
EndProject
Project("{8BC9CEB8-8B4A-11D0-8D11-00A0C91BC942}") = "GAMES102_Project_hw4", "src\hw4\GAMES102_Project_hw4.vcxproj", "{454B5770-BFF5-37D2-B683-555DA02B5DE2}"
	ProjectSection(ProjectDependencies) = postProject
		{36C57253-915F-3108-AC80-D8D6BB3817B9} = {36C57253-915F-3108-AC80-D8D6BB3817B9}
	EndProjectSection
EndProject
Project("{8BC9CEB8-8B4A-11D0-8D11-00A0C91BC942}") = "GAMES102_Project_hw5", "src\hw5\GAMES102_Project_hw5.vcxproj", "{EFBD3F45-1484-3371-819B-569A4E5C18D4}"
	ProjectSection(ProjectDependencies) = postProject
		{36C57253-915F-3108-AC80-D8D6BB3817B9} = {36C57253-915F-3108-AC80-D8D6BB3817B9}
	EndProjectSection
EndProject
Project("{8BC9CEB8-8B4A-11D0-8D11-00A0C91BC942}") = "GAMES102_Project_hw6", "src\hw6\GAMES102_Project_hw6.vcxproj", "{994A9DC4-255F-3F87-8D80-980EB7B21B7E}"
	ProjectSection(ProjectDependencies) = postProject
		{36C57253-915F-3108-AC80-D8D6BB3817B9} = {36C57253-915F-3108-AC80-D8D6BB3817B9}
	EndProjectSection
EndProject
Project("{8BC9CEB8-8B4A-11D0-8D11-00A0C91BC942}") = "GAMES102_Project_hw7", "src\hw7\GAMES102_Project_hw7.vcxproj", "{85DC6B1F-661D-3867-A314-12F6DCEA67DD}"
	ProjectSection(ProjectDependencies) = postProject
		{36C57253-915F-3108-AC80-D8D6BB3817B9} = {36C57253-915F-3108-AC80-D8D6BB3817B9}
	EndProjectSection
EndProject
Project("{8BC9CEB8-8B4A-11D0-8D11-00A0C91BC942}") = "INSTALL", "INSTALL.vcxproj", "{2A2D1DD5-1FDE-334C-AEB3-39D20B4296B3}"
	ProjectSection(ProjectDependencies) = postProject
		{6FA4C95C-E211-3941-8A91-F40909C641C9} = {6FA4C95C-E211-3941-8A91-F40909C641C9}
		{36C57253-915F-3108-AC80-D8D6BB3817B9} = {36C57253-915F-3108-AC80-D8D6BB3817B9}
	EndProjectSection
EndProject
Project("{8BC9CEB8-8B4A-11D0-8D11-00A0C91BC942}") = "ZERO_CHECK", "ZERO_CHECK.vcxproj", "{36C57253-915F-3108-AC80-D8D6BB3817B9}"
	ProjectSection(ProjectDependencies) = postProject
	EndProjectSection
EndProject
Global
	GlobalSection(SolutionConfigurationPlatforms) = preSolution
		Debug|x64 = Debug|x64
		Release|x64 = Release|x64
		MinSizeRel|x64 = MinSizeRel|x64
		RelWithDebInfo|x64 = RelWithDebInfo|x64
	EndGlobalSection
	GlobalSection(ProjectConfigurationPlatforms) = postSolution
		{6FA4C95C-E211-3941-8A91-F40909C641C9}.Debug|x64.ActiveCfg = Debug|x64
		{6FA4C95C-E211-3941-8A91-F40909C641C9}.Debug|x64.Build.0 = Debug|x64
		{6FA4C95C-E211-3941-8A91-F40909C641C9}.Release|x64.ActiveCfg = Release|x64
		{6FA4C95C-E211-3941-8A91-F40909C641C9}.Release|x64.Build.0 = Release|x64
		{6FA4C95C-E211-3941-8A91-F40909C641C9}.MinSizeRel|x64.ActiveCfg = MinSizeRel|x64
		{6FA4C95C-E211-3941-8A91-F40909C641C9}.MinSizeRel|x64.Build.0 = MinSizeRel|x64
		{6FA4C95C-E211-3941-8A91-F40909C641C9}.RelWithDebInfo|x64.ActiveCfg = RelWithDebInfo|x64
		{6FA4C95C-E211-3941-8A91-F40909C641C9}.RelWithDebInfo|x64.Build.0 = RelWithDebInfo|x64
		{803FF9B5-2EFC-31D3-9BDC-A6DB05281058}.Debug|x64.ActiveCfg = Debug|x64
		{803FF9B5-2EFC-31D3-9BDC-A6DB05281058}.Debug|x64.Build.0 = Debug|x64
		{803FF9B5-2EFC-31D3-9BDC-A6DB05281058}.Release|x64.ActiveCfg = Release|x64
		{803FF9B5-2EFC-31D3-9BDC-A6DB05281058}.Release|x64.Build.0 = Release|x64
		{803FF9B5-2EFC-31D3-9BDC-A6DB05281058}.MinSizeRel|x64.ActiveCfg = MinSizeRel|x64
		{803FF9B5-2EFC-31D3-9BDC-A6DB05281058}.MinSizeRel|x64.Build.0 = MinSizeRel|x64
		{803FF9B5-2EFC-31D3-9BDC-A6DB05281058}.RelWithDebInfo|x64.ActiveCfg = RelWithDebInfo|x64
		{803FF9B5-2EFC-31D3-9BDC-A6DB05281058}.RelWithDebInfo|x64.Build.0 = RelWithDebInfo|x64
		{8A9C47CF-AA85-3FF0-94FF-CBB3BEEEFA09}.Debug|x64.ActiveCfg = Debug|x64
		{8A9C47CF-AA85-3FF0-94FF-CBB3BEEEFA09}.Debug|x64.Build.0 = Debug|x64
		{8A9C47CF-AA85-3FF0-94FF-CBB3BEEEFA09}.Release|x64.ActiveCfg = Release|x64
		{8A9C47CF-AA85-3FF0-94FF-CBB3BEEEFA09}.Release|x64.Build.0 = Release|x64
		{8A9C47CF-AA85-3FF0-94FF-CBB3BEEEFA09}.MinSizeRel|x64.ActiveCfg = MinSizeRel|x64
		{8A9C47CF-AA85-3FF0-94FF-CBB3BEEEFA09}.MinSizeRel|x64.Build.0 = MinSizeRel|x64
		{8A9C47CF-AA85-3FF0-94FF-CBB3BEEEFA09}.RelWithDebInfo|x64.ActiveCfg = RelWithDebInfo|x64
		{8A9C47CF-AA85-3FF0-94FF-CBB3BEEEFA09}.RelWithDebInfo|x64.Build.0 = RelWithDebInfo|x64
		{454B5770-BFF5-37D2-B683-555DA02B5DE2}.Debug|x64.ActiveCfg = Debug|x64
		{454B5770-BFF5-37D2-B683-555DA02B5DE2}.Debug|x64.Build.0 = Debug|x64
		{454B5770-BFF5-37D2-B683-555DA02B5DE2}.Release|x64.ActiveCfg = Release|x64
		{454B5770-BFF5-37D2-B683-555DA02B5DE2}.Release|x64.Build.0 = Release|x64
		{454B5770-BFF5-37D2-B683-555DA02B5DE2}.MinSizeRel|x64.ActiveCfg = MinSizeRel|x64
		{454B5770-BFF5-37D2-B683-555DA02B5DE2}.MinSizeRel|x64.Build.0 = MinSizeRel|x64
		{454B5770-BFF5-37D2-B683-555DA02B5DE2}.RelWithDebInfo|x64.ActiveCfg = RelWithDebInfo|x64
		{454B5770-BFF5-37D2-B683-555DA02B5DE2}.RelWithDebInfo|x64.Build.0 = RelWithDebInfo|x64
		{EFBD3F45-1484-3371-819B-569A4E5C18D4}.Debug|x64.ActiveCfg = Debug|x64
		{EFBD3F45-1484-3371-819B-569A4E5C18D4}.Debug|x64.Build.0 = Debug|x64
		{EFBD3F45-1484-3371-819B-569A4E5C18D4}.Release|x64.ActiveCfg = Release|x64
		{EFBD3F45-1484-3371-819B-569A4E5C18D4}.Release|x64.Build.0 = Release|x64
		{EFBD3F45-1484-3371-819B-569A4E5C18D4}.MinSizeRel|x64.ActiveCfg = MinSizeRel|x64
		{EFBD3F45-1484-3371-819B-569A4E5C18D4}.MinSizeRel|x64.Build.0 = MinSizeRel|x64
		{EFBD3F45-1484-3371-819B-569A4E5C18D4}.RelWithDebInfo|x64.ActiveCfg = RelWithDebInfo|x64
		{EFBD3F45-1484-3371-819B-569A4E5C18D4}.RelWithDebInfo|x64.Build.0 = RelWithDebInfo|x64
		{994A9DC4-255F-3F87-8D80-980EB7B21B7E}.Debug|x64.ActiveCfg = Debug|x64
		{994A9DC4-255F-3F87-8D80-980EB7B21B7E}.Debug|x64.Build.0 = Debug|x64
		{994A9DC4-255F-3F87-8D80-980EB7B21B7E}.Release|x64.ActiveCfg = Release|x64
		{994A9DC4-255F-3F87-8D80-980EB7B21B7E}.Release|x64.Build.0 = Release|x64
		{994A9DC4-255F-3F87-8D80-980EB7B21B7E}.MinSizeRel|x64.ActiveCfg = MinSizeRel|x64
		{994A9DC4-255F-3F87-8D80-980EB7B21B7E}.MinSizeRel|x64.Build.0 = MinSizeRel|x64
		{994A9DC4-255F-3F87-8D80-980EB7B21B7E}.RelWithDebInfo|x64.ActiveCfg = RelWithDebInfo|x64
		{994A9DC4-255F-3F87-8D80-980EB7B21B7E}.RelWithDebInfo|x64.Build.0 = RelWithDebInfo|x64
		{85DC6B1F-661D-3867-A314-12F6DCEA67DD}.Debug|x64.ActiveCfg = Debug|x64
		{85DC6B1F-661D-3867-A314-12F6DCEA67DD}.Debug|x64.Build.0 = Debug|x64
		{85DC6B1F-661D-3867-A314-12F6DCEA67DD}.Release|x64.ActiveCfg = Release|x64
		{85DC6B1F-661D-3867-A314-12F6DCEA67DD}.Release|x64.Build.0 = Release|x64
		{85DC6B1F-661D-3867-A314-12F6DCEA67DD}.MinSizeRel|x64.ActiveCfg = MinSizeRel|x64
		{85DC6B1F-661D-3867-A314-12F6DCEA67DD}.MinSizeRel|x64.Build.0 = MinSizeRel|x64
		{85DC6B1F-661D-3867-A314-12F6DCEA67DD}.RelWithDebInfo|x64.ActiveCfg = RelWithDebInfo|x64
		{85DC6B1F-661D-3867-A314-12F6DCEA67DD}.RelWithDebInfo|x64.Build.0 = RelWithDebInfo|x64
		{2A2D1DD5-1FDE-334C-AEB3-39D20B4296B3}.Debug|x64.ActiveCfg = Debug|x64
		{2A2D1DD5-1FDE-334C-AEB3-39D20B4296B3}.Release|x64.ActiveCfg = Release|x64
		{2A2D1DD5-1FDE-334C-AEB3-39D20B4296B3}.MinSizeRel|x64.ActiveCfg = MinSizeRel|x64
		{2A2D1DD5-1FDE-334C-AEB3-39D20B4296B3}.RelWithDebInfo|x64.ActiveCfg = RelWithDebInfo|x64
		{36C57253-915F-3108-AC80-D8D6BB3817B9}.Debug|x64.ActiveCfg = Debug|x64
		{36C57253-915F-3108-AC80-D8D6BB3817B9}.Debug|x64.Build.0 = Debug|x64
		{36C57253-915F-3108-AC80-D8D6BB3817B9}.Release|x64.ActiveCfg = Release|x64
		{36C57253-915F-3108-AC80-D8D6BB3817B9}.Release|x64.Build.0 = Release|x64
		{36C57253-915F-3108-AC80-D8D6BB3817B9}.MinSizeRel|x64.ActiveCfg = MinSizeRel|x64
		{36C57253-915F-3108-AC80-D8D6BB3817B9}.MinSizeRel|x64.Build.0 = MinSizeRel|x64
		{36C57253-915F-3108-AC80-D8D6BB3817B9}.RelWithDebInfo|x64.ActiveCfg = RelWithDebInfo|x64
		{36C57253-915F-3108-AC80-D8D6BB3817B9}.RelWithDebInfo|x64.Build.0 = RelWithDebInfo|x64
	EndGlobalSection
	GlobalSection(NestedProjects) = preSolution
		{6FA4C95C-E211-3941-8A91-F40909C641C9} = {41BC7C82-3522-3F3F-AA08-BC3A4966C603}
		{2A2D1DD5-1FDE-334C-AEB3-39D20B4296B3} = {41BC7C82-3522-3F3F-AA08-BC3A4966C603}
		{36C57253-915F-3108-AC80-D8D6BB3817B9} = {41BC7C82-3522-3F3F-AA08-BC3A4966C603}
		{803FF9B5-2EFC-31D3-9BDC-A6DB05281058} = {E8F35BA1-8D48-350E-A6D9-86147114F961}
		{8A9C47CF-AA85-3FF0-94FF-CBB3BEEEFA09} = {E8F35BA1-8D48-350E-A6D9-86147114F961}
		{454B5770-BFF5-37D2-B683-555DA02B5DE2} = {E8F35BA1-8D48-350E-A6D9-86147114F961}
		{EFBD3F45-1484-3371-819B-569A4E5C18D4} = {E8F35BA1-8D48-350E-A6D9-86147114F961}
		{994A9DC4-255F-3F87-8D80-980EB7B21B7E} = {E8F35BA1-8D48-350E-A6D9-86147114F961}
		{85DC6B1F-661D-3867-A314-12F6DCEA67DD} = {E8F35BA1-8D48-350E-A6D9-86147114F961}
	EndGlobalSection
	GlobalSection(ExtensibilityGlobals) = postSolution
		SolutionGuid = {962C3721-C974-3F17-92F2-E2E38AD09A59}
	EndGlobalSection
	GlobalSection(ExtensibilityAddIns) = postSolution
	EndGlobalSection
EndGlobal
