<?xml version="1.0" encoding="utf-8"?>
<Project ToolsVersion="16.0" xmlns="http://schemas.microsoft.com/developer/msbuild/2003">
  <ItemGroup>
    <CustomBuild Include="E:\CG\Games\GAMES102\Assignment\102\GAMES102-main\homeworks\project\build\CMakeFiles\be09a953758f6e584a740ba084ec88f9\INSTALL_force.rule">
      <Filter>CMake Rules</Filter>
    </CustomBuild>
  </ItemGroup>
  <ItemGroup>
    <Filter Include="CMake Rules">
      <UniqueIdentifier>{F90E0857-D6AA-3FB2-A664-1A62F74D96B4}</UniqueIdentifier>
    </Filter>
  </ItemGroup>
</Project>
